
Microsoft Visual Studio Solution File, Format Version 12.00
# Visual Studio Version 17
VisualStudioVersion = 17.8.34525.116
MinimumVisualStudioVersion = 10.0.40219.1
Project("{9A19103F-16F7-4668-BE54-9A1E7A4F7556}") = "StripeExample", "StripeExample.csproj", "{FD4653DC-B04A-4BF3-909C-1BF37BA20A53}"
EndProject
Global
	GlobalSection(SolutionConfigurationPlatforms) = preSolution
		Debug|Any CPU = Debug|Any CPU
		Release|Any CPU = Release|Any CPU
	EndGlobalSection
	GlobalSection(ProjectConfigurationPlatforms) = postSolution
		{FD4653DC-B04A-4BF3-909C-1BF37BA20A53}.Debug|Any CPU.ActiveCfg = Debug|Any CPU
		{FD4653DC-B04A-4BF3-909C-1BF37BA20A53}.Debug|Any CPU.Build.0 = Debug|Any CPU
		{FD4653DC-B04A-4BF3-909C-1BF37BA20A53}.Release|Any CPU.ActiveCfg = Release|Any CPU
		{FD4653DC-B04A-4BF3-909C-1BF37BA20A53}.Release|Any CPU.Build.0 = Release|Any CPU
	EndGlobalSection
	GlobalSection(SolutionProperties) = preSolution
		HideSolutionNode = FALSE
	EndGlobalSection
	GlobalSection(ExtensibilityGlobals) = postSolution
		SolutionGuid = {D7338445-FD52-4046-9475-28A840ADB261}
	EndGlobalSection
EndGlobal
